
Microsoft Visual Studio Solution File, Format Version 12.00
# Visual Studio 14
VisualStudioVersion = 14.0.24720.0
MinimumVisualStudioVersion = 10.0.40219.1
Project("{FAE04EC0-301F-11D3-BF4B-00C04F79EFBC}") = "Topics", "Topics\Topics.csproj", "{266EA08E-7C4D-47E7-9895-BC2EBF5B7E36}"
EndProject
Project("{FAE04EC0-301F-11D3-BF4B-00C04F79EFBC}") = "Publisher", "Publisher\Publisher.csproj", "{1429C1ED-BB17-4773-BD93-2719D1C4DE0C}"
EndProject
Project("{FAE04EC0-301F-11D3-BF4B-00C04F79EFBC}") = "Subscriber", "Subscriber\Subscriber.csproj", "{6729235C-EB4E-44B0-B244-E46116D64AA8}"
EndProject
Project("{CC5FD16D-436D-48AD-A40C-5A424C6E3E79}") = "AdvertService", "AdvertService\AdvertService.ccproj", "{57C92283-900E-4E4A-BDF7-0E3B9BA43B93}"
EndProject
Project("{FAE04EC0-301F-11D3-BF4B-00C04F79EFBC}") = "AdvertWeb", "AdvertWeb\AdvertWeb.csproj", "{A233FFB8-451D-48BE-B068-C5741D96F112}"
EndProject
Project("{FAE04EC0-301F-11D3-BF4B-00C04F79EFBC}") = "AdvertWorker", "AdvertWorker\AdvertWorker.csproj", "{23A2E70C-0439-4E48-A6CC-2DC5C5A88A73}"
EndProject
Project("{FAE04EC0-301F-11D3-BF4B-00C04F79EFBC}") = "AdvertCommon", "AdvertCommon\AdvertCommon.csproj", "{8CFEA0DB-6278-41AE-9D55-4E4D97BE2129}"
EndProject
Global
	GlobalSection(SolutionConfigurationPlatforms) = preSolution
		Debug|Any CPU = Debug|Any CPU
		Release|Any CPU = Release|Any CPU
	EndGlobalSection
	GlobalSection(ProjectConfigurationPlatforms) = postSolution
		{266EA08E-7C4D-47E7-9895-BC2EBF5B7E36}.Debug|Any CPU.ActiveCfg = Debug|Any CPU
		{266EA08E-7C4D-47E7-9895-BC2EBF5B7E36}.Debug|Any CPU.Build.0 = Debug|Any CPU
		{266EA08E-7C4D-47E7-9895-BC2EBF5B7E36}.Release|Any CPU.ActiveCfg = Release|Any CPU
		{266EA08E-7C4D-47E7-9895-BC2EBF5B7E36}.Release|Any CPU.Build.0 = Release|Any CPU
		{1429C1ED-BB17-4773-BD93-2719D1C4DE0C}.Debug|Any CPU.ActiveCfg = Debug|Any CPU
		{1429C1ED-BB17-4773-BD93-2719D1C4DE0C}.Debug|Any CPU.Build.0 = Debug|Any CPU
		{1429C1ED-BB17-4773-BD93-2719D1C4DE0C}.Release|Any CPU.ActiveCfg = Release|Any CPU
		{1429C1ED-BB17-4773-BD93-2719D1C4DE0C}.Release|Any CPU.Build.0 = Release|Any CPU
		{6729235C-EB4E-44B0-B244-E46116D64AA8}.Debug|Any CPU.ActiveCfg = Debug|Any CPU
		{6729235C-EB4E-44B0-B244-E46116D64AA8}.Debug|Any CPU.Build.0 = Debug|Any CPU
		{6729235C-EB4E-44B0-B244-E46116D64AA8}.Release|Any CPU.ActiveCfg = Release|Any CPU
		{6729235C-EB4E-44B0-B244-E46116D64AA8}.Release|Any CPU.Build.0 = Release|Any CPU
		{57C92283-900E-4E4A-BDF7-0E3B9BA43B93}.Debug|Any CPU.ActiveCfg = Debug|Any CPU
		{57C92283-900E-4E4A-BDF7-0E3B9BA43B93}.Debug|Any CPU.Build.0 = Debug|Any CPU
		{57C92283-900E-4E4A-BDF7-0E3B9BA43B93}.Release|Any CPU.ActiveCfg = Release|Any CPU
		{57C92283-900E-4E4A-BDF7-0E3B9BA43B93}.Release|Any CPU.Build.0 = Release|Any CPU
		{A233FFB8-451D-48BE-B068-C5741D96F112}.Debug|Any CPU.ActiveCfg = Debug|Any CPU
		{A233FFB8-451D-48BE-B068-C5741D96F112}.Debug|Any CPU.Build.0 = Debug|Any CPU
		{A233FFB8-451D-48BE-B068-C5741D96F112}.Release|Any CPU.ActiveCfg = Release|Any CPU
		{A233FFB8-451D-48BE-B068-C5741D96F112}.Release|Any CPU.Build.0 = Release|Any CPU
		{23A2E70C-0439-4E48-A6CC-2DC5C5A88A73}.Debug|Any CPU.ActiveCfg = Debug|Any CPU
		{23A2E70C-0439-4E48-A6CC-2DC5C5A88A73}.Debug|Any CPU.Build.0 = Debug|Any CPU
		{23A2E70C-0439-4E48-A6CC-2DC5C5A88A73}.Release|Any CPU.ActiveCfg = Release|Any CPU
		{23A2E70C-0439-4E48-A6CC-2DC5C5A88A73}.Release|Any CPU.Build.0 = Release|Any CPU
		{8CFEA0DB-6278-41AE-9D55-4E4D97BE2129}.Debug|Any CPU.ActiveCfg = Debug|Any CPU
		{8CFEA0DB-6278-41AE-9D55-4E4D97BE2129}.Debug|Any CPU.Build.0 = Debug|Any CPU
		{8CFEA0DB-6278-41AE-9D55-4E4D97BE2129}.Release|Any CPU.ActiveCfg = Release|Any CPU
		{8CFEA0DB-6278-41AE-9D55-4E4D97BE2129}.Release|Any CPU.Build.0 = Release|Any CPU
	EndGlobalSection
	GlobalSection(SolutionProperties) = preSolution
		HideSolutionNode = FALSE
	EndGlobalSection
EndGlobal
