
Microsoft Visual Studio Solution File, Format Version 12.00
# Visual Studio 14
VisualStudioVersion = 14.0.24720.0
MinimumVisualStudioVersion = 10.0.40219.1
Project("{FAE04EC0-301F-11D3-BF4B-00C04F79EFBC}") = "Topics", "Topics\Topics.csproj", "{266EA08E-7C4D-47E7-9895-BC2EBF5B7E36}"
EndProject
Project("{FAE04EC0-301F-11D3-BF4B-00C04F79EFBC}") = "Publisher", "Publisher\Publisher.csproj", "{1429C1ED-BB17-4773-BD93-2719D1C4DE0C}"
EndProject
Project("{FAE04EC0-301F-11D3-BF4B-00C04F79EFBC}") = "Subscriber", "Subscriber\Subscriber.csproj", "{6729235C-EB4E-44B0-B244-E46116D64AA8}"
EndProject
Global
	GlobalSection(SolutionConfigurationPlatforms) = preSolution
		Debug|Any CPU = Debug|Any CPU
		Release|Any CPU = Release|Any CPU
	EndGlobalSection
	GlobalSection(ProjectConfigurationPlatforms) = postSolution
		{266EA08E-7C4D-47E7-9895-BC2EBF5B7E36}.Debug|Any CPU.ActiveCfg = Debug|Any CPU
		{266EA08E-7C4D-47E7-9895-BC2EBF5B7E36}.Debug|Any CPU.Build.0 = Debug|Any CPU
		{266EA08E-7C4D-47E7-9895-BC2EBF5B7E36}.Release|Any CPU.ActiveCfg = Release|Any CPU
		{266EA08E-7C4D-47E7-9895-BC2EBF5B7E36}.Release|Any CPU.Build.0 = Release|Any CPU
		{1429C1ED-BB17-4773-BD93-2719D1C4DE0C}.Debug|Any CPU.ActiveCfg = Debug|Any CPU
		{1429C1ED-BB17-4773-BD93-2719D1C4DE0C}.Debug|Any CPU.Build.0 = Debug|Any CPU
		{1429C1ED-BB17-4773-BD93-2719D1C4DE0C}.Release|Any CPU.ActiveCfg = Release|Any CPU
		{1429C1ED-BB17-4773-BD93-2719D1C4DE0C}.Release|Any CPU.Build.0 = Release|Any CPU
		{6729235C-EB4E-44B0-B244-E46116D64AA8}.Debug|Any CPU.ActiveCfg = Debug|Any CPU
		{6729235C-EB4E-44B0-B244-E46116D64AA8}.Debug|Any CPU.Build.0 = Debug|Any CPU
		{6729235C-EB4E-44B0-B244-E46116D64AA8}.Release|Any CPU.ActiveCfg = Release|Any CPU
		{6729235C-EB4E-44B0-B244-E46116D64AA8}.Release|Any CPU.Build.0 = Release|Any CPU
	EndGlobalSection
	GlobalSection(SolutionProperties) = preSolution
		HideSolutionNode = FALSE
	EndGlobalSection
EndGlobal
